
Microsoft Visual Studio Solution File, Format Version 12.00
# Visual Studio Version 17
VisualStudioVersion = 17.6.33723.286
MinimumVisualStudioVersion = 10.0.40219.1
Project("{FAE04EC0-301F-11D3-BF4B-00C04F79EFBC}") = "C-sharp-basics", "C-sharp-basics\C-sharp-basics.csproj", "{119FEE0B-5D0C-4645-806F-B6EA7E6F4342}"
EndProject
Global
	GlobalSection(SolutionConfigurationPlatforms) = preSolution
		Debug|Any CPU = Debug|Any CPU
		Release|Any CPU = Release|Any CPU
	EndGlobalSection
	GlobalSection(ProjectConfigurationPlatforms) = postSolution
		{119FEE0B-5D0C-4645-806F-B6EA7E6F4342}.Debug|Any CPU.ActiveCfg = Debug|Any CPU
		{119FEE0B-5D0C-4645-806F-B6EA7E6F4342}.Debug|Any CPU.Build.0 = Debug|Any CPU
		{119FEE0B-5D0C-4645-806F-B6EA7E6F4342}.Release|Any CPU.ActiveCfg = Release|Any CPU
		{119FEE0B-5D0C-4645-806F-B6EA7E6F4342}.Release|Any CPU.Build.0 = Release|Any CPU
	EndGlobalSection
	GlobalSection(SolutionProperties) = preSolution
		HideSolutionNode = FALSE
	EndGlobalSection
	GlobalSection(ExtensibilityGlobals) = postSolution
		SolutionGuid = {E4EA04AE-B567-4304-BD87-55E9743A7517}
	EndGlobalSection
EndGlobal
